
Microsoft Visual Studio Solution File, Format Version 12.00
# Visual Studio Version 17
VisualStudioVersion = 17.0.32014.148
MinimumVisualStudioVersion = 10.0.40219.1
Project("{FAE04EC0-301F-11D3-BF4B-00C04F79EFBC}") = "Remove_Nth_Node_From_End_of_List", "Remove_Nth_Node_From_End_of_List\Remove_Nth_Node_From_End_of_List.csproj", "{83049681-F92C-4F8F-9237-8DB72875C6B5}"
EndProject
Global
	GlobalSection(SolutionConfigurationPlatforms) = preSolution
		Debug|Any CPU = Debug|Any CPU
		Release|Any CPU = Release|Any CPU
	EndGlobalSection
	GlobalSection(ProjectConfigurationPlatforms) = postSolution
		{83049681-F92C-4F8F-9237-8DB72875C6B5}.Debug|Any CPU.ActiveCfg = Debug|Any CPU
		{83049681-F92C-4F8F-9237-8DB72875C6B5}.Debug|Any CPU.Build.0 = Debug|Any CPU
		{83049681-F92C-4F8F-9237-8DB72875C6B5}.Release|Any CPU.ActiveCfg = Release|Any CPU
		{83049681-F92C-4F8F-9237-8DB72875C6B5}.Release|Any CPU.Build.0 = Release|Any CPU
	EndGlobalSection
	GlobalSection(SolutionProperties) = preSolution
		HideSolutionNode = FALSE
	EndGlobalSection
	GlobalSection(ExtensibilityGlobals) = postSolution
		SolutionGuid = {E5B6313B-292C-4B3D-9B52-55CC2B298223}
	EndGlobalSection
EndGlobal
